
Microsoft Visual Studio Solution File, Format Version 12.00
# Visual Studio Version 17
VisualStudioVersion = 17.7.34221.43
MinimumVisualStudioVersion = 10.0.40219.1
Project("{FAE04EC0-301F-11D3-BF4B-00C04F79EFBC}") = "UdemyClone", "UdemyClone\UdemyClone.csproj", "{8B445C4A-1AB8-443F-B4D5-BB922E87ACFD}"
EndProject
Global
	GlobalSection(SolutionConfigurationPlatforms) = preSolution
		Debug|Any CPU = Debug|Any CPU
		Release|Any CPU = Release|Any CPU
	EndGlobalSection
	GlobalSection(ProjectConfigurationPlatforms) = postSolution
		{8B445C4A-1AB8-443F-B4D5-BB922E87ACFD}.Debug|Any CPU.ActiveCfg = Debug|Any CPU
		{8B445C4A-1AB8-443F-B4D5-BB922E87ACFD}.Debug|Any CPU.Build.0 = Debug|Any CPU
		{8B445C4A-1AB8-443F-B4D5-BB922E87ACFD}.Release|Any CPU.ActiveCfg = Release|Any CPU
		{8B445C4A-1AB8-443F-B4D5-BB922E87ACFD}.Release|Any CPU.Build.0 = Release|Any CPU
	EndGlobalSection
	GlobalSection(SolutionProperties) = preSolution
		HideSolutionNode = FALSE
	EndGlobalSection
	GlobalSection(ExtensibilityGlobals) = postSolution
		SolutionGuid = {3A708091-B827-4858-8AF8-AF5EF663B502}
	EndGlobalSection
EndGlobal
